
Microsoft Visual Studio Solution File, Format Version 12.00
# Visual Studio Version 17
VisualStudioVersion = 17.13.35825.156 d17.13
MinimumVisualStudioVersion = 10.0.40219.1
Project("{FAE04EC0-301F-11D3-BF4B-00C04F79EFBC}") = "CareerHub", "CareerHub\CareerHub.csproj", "{1ED9FF35-EB21-407A-BFB4-87A3B671C79E}"
EndProject
Global
	GlobalSection(SolutionConfigurationPlatforms) = preSolution
		Debug|Any CPU = Debug|Any CPU
		Release|Any CPU = Release|Any CPU
	EndGlobalSection
	GlobalSection(ProjectConfigurationPlatforms) = postSolution
		{1ED9FF35-EB21-407A-BFB4-87A3B671C79E}.Debug|Any CPU.ActiveCfg = Debug|Any CPU
		{1ED9FF35-EB21-407A-BFB4-87A3B671C79E}.Debug|Any CPU.Build.0 = Debug|Any CPU
		{1ED9FF35-EB21-407A-BFB4-87A3B671C79E}.Release|Any CPU.ActiveCfg = Release|Any CPU
		{1ED9FF35-EB21-407A-BFB4-87A3B671C79E}.Release|Any CPU.Build.0 = Release|Any CPU
	EndGlobalSection
	GlobalSection(SolutionProperties) = preSolution
		HideSolutionNode = FALSE
	EndGlobalSection
	GlobalSection(ExtensibilityGlobals) = postSolution
		SolutionGuid = {248ABFB8-7BE3-4550-BF96-E47841E9122E}
	EndGlobalSection
EndGlobal
